
Microsoft Visual Studio Solution File, Format Version 12.00
# Visual Studio Version 17
VisualStudioVersion = 17.2.32630.192
MinimumVisualStudioVersion = 10.0.40219.1
Project("{9A19103F-16F7-4668-BE54-9A1E7A4F7556}") = "CoffeeCheck.Domain", "src\CoffeeCheck.Domain\CoffeeCheck.Domain.csproj", "{44D45566-2AA0-41D5-8B27-9B57AE728666}"
EndProject
Project("{9A19103F-16F7-4668-BE54-9A1E7A4F7556}") = "CoffeeCheck.Application", "src\CoffeeCheck.Application\CoffeeCheck.Application.csproj", "{865E628C-2B23-4D61-B8F2-151715481B59}"
EndProject
Project("{9A19103F-16F7-4668-BE54-9A1E7A4F7556}") = "CoffeeCheck.Infrastructure", "src\CoffeeCheck.Infrastructure\CoffeeCheck.Infrastructure.csproj", "{71E78F53-52E4-44EE-A2B9-C2D4F1394D9E}"
EndProject
Project("{9A19103F-16F7-4668-BE54-9A1E7A4F7556}") = "CoffeeCheck.Web", "src\CoffeeCheck.Web\CoffeeCheck.Web.csproj", "{6292C198-CCA0-43BA-8343-7EBED6A52E87}"
EndProject
Global
	GlobalSection(SolutionConfigurationPlatforms) = preSolution
		Debug|Any CPU = Debug|Any CPU
		Release|Any CPU = Release|Any CPU
	EndGlobalSection
	GlobalSection(ProjectConfigurationPlatforms) = postSolution
		{44D45566-2AA0-41D5-8B27-9B57AE728666}.Debug|Any CPU.ActiveCfg = Debug|Any CPU
		{44D45566-2AA0-41D5-8B27-9B57AE728666}.Debug|Any CPU.Build.0 = Debug|Any CPU
		{44D45566-2AA0-41D5-8B27-9B57AE728666}.Release|Any CPU.ActiveCfg = Release|Any CPU
		{44D45566-2AA0-41D5-8B27-9B57AE728666}.Release|Any CPU.Build.0 = Release|Any CPU
		{865E628C-2B23-4D61-B8F2-151715481B59}.Debug|Any CPU.ActiveCfg = Debug|Any CPU
		{865E628C-2B23-4D61-B8F2-151715481B59}.Debug|Any CPU.Build.0 = Debug|Any CPU
		{865E628C-2B23-4D61-B8F2-151715481B59}.Release|Any CPU.ActiveCfg = Release|Any CPU
		{865E628C-2B23-4D61-B8F2-151715481B59}.Release|Any CPU.Build.0 = Release|Any CPU
		{71E78F53-52E4-44EE-A2B9-C2D4F1394D9E}.Debug|Any CPU.ActiveCfg = Debug|Any CPU
		{71E78F53-52E4-44EE-A2B9-C2D4F1394D9E}.Debug|Any CPU.Build.0 = Debug|Any CPU
		{71E78F53-52E4-44EE-A2B9-C2D4F1394D9E}.Release|Any CPU.ActiveCfg = Release|Any CPU
		{71E78F53-52E4-44EE-A2B9-C2D4F1394D9E}.Release|Any CPU.Build.0 = Release|Any CPU
		{6292C198-CCA0-43BA-8343-7EBED6A52E87}.Debug|Any CPU.ActiveCfg = Debug|Any CPU
		{6292C198-CCA0-43BA-8343-7EBED6A52E87}.Debug|Any CPU.Build.0 = Debug|Any CPU
		{6292C198-CCA0-43BA-8343-7EBED6A52E87}.Release|Any CPU.ActiveCfg = Release|Any CPU
		{6292C198-CCA0-43BA-8343-7EBED6A52E87}.Release|Any CPU.Build.0 = Release|Any CPU
	EndGlobalSection
	GlobalSection(SolutionProperties) = preSolution
		HideSolutionNode = FALSE
	EndGlobalSection
	GlobalSection(ExtensibilityGlobals) = postSolution
		SolutionGuid = {0F921D0D-2B61-428B-B0DA-4A7F89F579C0}
	EndGlobalSection
EndGlobal
